
Microsoft Visual Studio Solution File, Format Version 12.00
# Visual Studio Version 17
VisualStudioVersion = 17.7.34221.43
MinimumVisualStudioVersion = 10.0.40219.1
Project("{8BC9CEB8-8B4A-11D0-8D11-00A0C91BC942}") = "task31", "task31\task31.vcxproj", "{E5A9FE0F-1EA8-4DF4-8717-1F70F2E8BCD5}"
EndProject
Global
	GlobalSection(SolutionConfigurationPlatforms) = preSolution
		Debug|x64 = Debug|x64
		Debug|x86 = Debug|x86
		Release|x64 = Release|x64
		Release|x86 = Release|x86
	EndGlobalSection
	GlobalSection(ProjectConfigurationPlatforms) = postSolution
		{E5A9FE0F-1EA8-4DF4-8717-1F70F2E8BCD5}.Debug|x64.ActiveCfg = Debug|x64
		{E5A9FE0F-1EA8-4DF4-8717-1F70F2E8BCD5}.Debug|x64.Build.0 = Debug|x64
		{E5A9FE0F-1EA8-4DF4-8717-1F70F2E8BCD5}.Debug|x86.ActiveCfg = Debug|Win32
		{E5A9FE0F-1EA8-4DF4-8717-1F70F2E8BCD5}.Debug|x86.Build.0 = Debug|Win32
		{E5A9FE0F-1EA8-4DF4-8717-1F70F2E8BCD5}.Release|x64.ActiveCfg = Release|x64
		{E5A9FE0F-1EA8-4DF4-8717-1F70F2E8BCD5}.Release|x64.Build.0 = Release|x64
		{E5A9FE0F-1EA8-4DF4-8717-1F70F2E8BCD5}.Release|x86.ActiveCfg = Release|Win32
		{E5A9FE0F-1EA8-4DF4-8717-1F70F2E8BCD5}.Release|x86.Build.0 = Release|Win32
	EndGlobalSection
	GlobalSection(SolutionProperties) = preSolution
		HideSolutionNode = FALSE
	EndGlobalSection
	GlobalSection(ExtensibilityGlobals) = postSolution
		SolutionGuid = {1224EC52-3961-48C1-8BE6-BE9FC35B0B8C}
	EndGlobalSection
EndGlobal
